// !$*UTF8*$!
{
	archiveVersion = 1;
	classes = {
	};
	objectVersion = 55;
	objects = {

/* Begin PBXBuildFile section */
		2A13BE0128B9B42800E79A0E /* NewDetailView.swift in Sources */ = {isa = PBXBuildFile; fileRef = 2A13BE0028B9B42800E79A0E /* NewDetailView.swift */; };
		2A17BA9327D5D8E000E0D755 /* PoeticApp.swift in Sources */ = {isa = PBXBuildFile; fileRef = 2A17BA9227D5D8E000E0D755 /* PoeticApp.swift */; };
		2A17BA9527D5D8E000E0D755 /* ContentView.swift in Sources */ = {isa = PBXBuildFile; fileRef = 2A17BA9427D5D8E000E0D755 /* ContentView.swift */; };
		2A17BA9727D5D8E000E0D755 /* Assets.xcassets in Resources */ = {isa = PBXBuildFile; fileRef = 2A17BA9627D5D8E000E0D755 /* Assets.xcassets */; };
		2A17BA9A27D5D8E000E0D755 /* Preview Assets.xcassets in Resources */ = {isa = PBXBuildFile; fileRef = 2A17BA9927D5D8E000E0D755 /* Preview Assets.xcassets */; };
		2A17BAAA27D5D95400E0D755 /* FavoritesView.swift in Sources */ = {isa = PBXBuildFile; fileRef = 2A17BAA927D5D95400E0D755 /* FavoritesView.swift */; };
		2A17BAAC27D5D96E00E0D755 /* APIService.swift in Sources */ = {isa = PBXBuildFile; fileRef = 2A17BAAB27D5D96E00E0D755 /* APIService.swift */; };
		2A17BAAE27D6418400E0D755 /* Poem.swift in Sources */ = {isa = PBXBuildFile; fileRef = 2A17BAAD27D6418400E0D755 /* Poem.swift */; };
		2A17BAB027D641D200E0D755 /* PoemViewModel.swift in Sources */ = {isa = PBXBuildFile; fileRef = 2A17BAAF27D641D200E0D755 /* PoemViewModel.swift */; };
		2A19EA9B27F09E1C00022EFE /* NotificationManager.swift in Sources */ = {isa = PBXBuildFile; fileRef = 2A19EA9A27F09E1C00022EFE /* NotificationManager.swift */; };
		2A1ABA4928F2CEAA00D48AA1 /* IntegratedSearchView.swift in Sources */ = {isa = PBXBuildFile; fileRef = 2A1ABA4828F2CEAA00D48AA1 /* IntegratedSearchView.swift */; };
		2A1ABA4C28F3F61200D48AA1 /* Alamofire in Frameworks */ = {isa = PBXBuildFile; productRef = 2A1ABA4B28F3F61200D48AA1 /* Alamofire */; };
		2A1ABA4F28F3F6A300D48AA1 /* PKHUD in Frameworks */ = {isa = PBXBuildFile; productRef = 2A1ABA4E28F3F6A300D48AA1 /* PKHUD */; };
		2A1ABA5428F3FBA400D48AA1 /* SearchFIlter.swift in Sources */ = {isa = PBXBuildFile; fileRef = 2A1ABA5328F3FBA400D48AA1 /* SearchFIlter.swift */; };
		2A1ABA5828F4016900D48AA1 /* APIConst.swift in Sources */ = {isa = PBXBuildFile; fileRef = 2A1ABA5728F4016900D48AA1 /* APIConst.swift */; };
		2A1ABA5A28F4090000D48AA1 /* NetworkError.swift in Sources */ = {isa = PBXBuildFile; fileRef = 2A1ABA5928F4090000D48AA1 /* NetworkError.swift */; };
		2A1ABA5C28F41DD100D48AA1 /* PKHUDView.swift in Sources */ = {isa = PBXBuildFile; fileRef = 2A1ABA5B28F41DD100D48AA1 /* PKHUDView.swift */; };
		2A1ABA5E28F41E1C00D48AA1 /* View+PKHUD.swift in Sources */ = {isa = PBXBuildFile; fileRef = 2A1ABA5D28F41E1C00D48AA1 /* View+PKHUD.swift */; };
		2A1EC6B72A68C4A40012F138 /* StoreKit.framework in Frameworks */ = {isa = PBXBuildFile; fileRef = 2A1EC6B62A68C4A40012F138 /* StoreKit.framework */; };
		2A1EC6BE2A68CA4F0012F138 /* StoreKitManager.swift in Sources */ = {isa = PBXBuildFile; fileRef = 2A1EC6BD2A68CA4F0012F138 /* StoreKitManager.swift */; };
		2A1EC6C02A68CBB50012F138 /* Constants.swift in Sources */ = {isa = PBXBuildFile; fileRef = 2A1EC6BF2A68CBB50012F138 /* Constants.swift */; };
		2A1EC6C32A68D2350012F138 /* TipsView.swift in Sources */ = {isa = PBXBuildFile; fileRef = 2A1EC6C22A68D2350012F138 /* TipsView.swift */; };
		2A304724288FB01500E43820 /* NewHomeView.swift in Sources */ = {isa = PBXBuildFile; fileRef = 2A304723288FB01500E43820 /* NewHomeView.swift */; };
		2A37936C27D8A4B800FA48ED /* LineBreak.swift in Sources */ = {isa = PBXBuildFile; fileRef = 2A37936B27D8A4B800FA48ED /* LineBreak.swift */; };
		2A37937B27D8D48A00FA48ED /* Bundle-Decodable.swift in Sources */ = {isa = PBXBuildFile; fileRef = 2A37937A27D8D48A00FA48ED /* Bundle-Decodable.swift */; };
		2A38CF7927DF74BB00A44268 /* Poetic.xcdatamodeld in Sources */ = {isa = PBXBuildFile; fileRef = 2A38CF7727DF74BB00A44268 /* Poetic.xcdatamodeld */; };
		2A38CF7B27DF74CC00A44268 /* PersistenceController.swift in Sources */ = {isa = PBXBuildFile; fileRef = 2A38CF7A27DF74CC00A44268 /* PersistenceController.swift */; };
		2A42F5E0299A623200122847 /* TitleAuthorFavoriteCell.swift in Sources */ = {isa = PBXBuildFile; fileRef = 2A42F5DF299A623200122847 /* TitleAuthorFavoriteCell.swift */; };
		2A42F5E2299A62B500122847 /* TitleAuthorDateHomeCell.swift in Sources */ = {isa = PBXBuildFile; fileRef = 2A42F5E1299A62B500122847 /* TitleAuthorDateHomeCell.swift */; };
		2A42F5E5299A691A00122847 /* AuthorView.swift in Sources */ = {isa = PBXBuildFile; fileRef = 2A42F5E4299A691A00122847 /* AuthorView.swift */; };
		2A42F5E7299BBF9A00122847 /* AuthorCell.swift in Sources */ = {isa = PBXBuildFile; fileRef = 2A42F5E6299BBF9900122847 /* AuthorCell.swift */; };
		2A42F5E9299BBFBC00122847 /* AuthorPoemCell.swift in Sources */ = {isa = PBXBuildFile; fileRef = 2A42F5E8299BBFBC00122847 /* AuthorPoemCell.swift */; };
		2A67DA4828DF2CBD00F1A5C0 /* Fonts.swift in Sources */ = {isa = PBXBuildFile; fileRef = 2A67DA4728DF2CBD00F1A5C0 /* Fonts.swift */; };
		2A77337A28C777C700C115E9 /* FlatLinkStyle.swift in Sources */ = {isa = PBXBuildFile; fileRef = 2A77337928C777C700C115E9 /* FlatLinkStyle.swift */; };
		2A77337E28C8C6B000C115E9 /* FailedPoemCard.swift in Sources */ = {isa = PBXBuildFile; fileRef = 2A77337D28C8C6B000C115E9 /* FailedPoemCard.swift */; };
		2A7FD5E22A626E8200E924EE /* HapticFeedBackGenerator.swift in Sources */ = {isa = PBXBuildFile; fileRef = 2A7FD5E12A626E8200E924EE /* HapticFeedBackGenerator.swift */; };
		2A7FD5F12A627D7600E924EE /* MockAPIService.swift in Sources */ = {isa = PBXBuildFile; fileRef = 2A7FD5F02A627D7600E924EE /* MockAPIService.swift */; };
		2A7FD5F32A627F0600E924EE /* mockResponse.json in Resources */ = {isa = PBXBuildFile; fileRef = 2A7FD5F22A627F0600E924EE /* mockResponse.json */; };
		2A7FD5F52A627F8500E924EE /* Mockable.swift in Sources */ = {isa = PBXBuildFile; fileRef = 2A7FD5F42A627F8500E924EE /* Mockable.swift */; };
		2A7FD5F72A62862D00E924EE /* PoemViewModelTests.swift in Sources */ = {isa = PBXBuildFile; fileRef = 2A7FD5F62A62862D00E924EE /* PoemViewModelTests.swift */; };
		2A81C48628C45B4300437EC3 /* View+FontWithLineHeight.swift in Sources */ = {isa = PBXBuildFile; fileRef = 2A81C48528C45B4300437EC3 /* View+FontWithLineHeight.swift */; };
		2A81C48828C4D25C00437EC3 /* PoemCard.swift in Sources */ = {isa = PBXBuildFile; fileRef = 2A81C48728C4D25C00437EC3 /* PoemCard.swift */; };
		2A8ADBC62A69019F001630B1 /* View+ToAnyView.swift in Sources */ = {isa = PBXBuildFile; fileRef = 2A8ADBC52A69019F001630B1 /* View+ToAnyView.swift */; };
		2A8ADBCD2A6C13A2001630B1 /* CSVManager.swift in Sources */ = {isa = PBXBuildFile; fileRef = 2A8ADBCC2A6C13A2001630B1 /* CSVManager.swift */; };
		2A8ADBCF2A6C13BE001630B1 /* PoetryFoundationData.csv in Resources */ = {isa = PBXBuildFile; fileRef = 2A8ADBCE2A6C13BE001630B1 /* PoetryFoundationData.csv */; };
		2A8ADBD22A6C1970001630B1 /* CodableCSV in Frameworks */ = {isa = PBXBuildFile; productRef = 2A8ADBD12A6C1970001630B1 /* CodableCSV */; };
		2AB4B9A827E05F1C008FB84B /* Color.swift in Sources */ = {isa = PBXBuildFile; fileRef = 2AB4B9A727E05F1C008FB84B /* Color.swift */; };
		2AB4CE1727DDBBBF007937CC /* Quote.swift in Sources */ = {isa = PBXBuildFile; fileRef = 2AB4CE1627DDBBBF007937CC /* Quote.swift */; };
		2ABCC207285095A900CA0FB3 /* PoemView.swift in Sources */ = {isa = PBXBuildFile; fileRef = 2ABCC206285095A900CA0FB3 /* PoemView.swift */; };
		2ACC8A3D27E86E3B002F5B6D /* SettingsView.swift in Sources */ = {isa = PBXBuildFile; fileRef = 2ACC8A3C27E86E3B002F5B6D /* SettingsView.swift */; };
		2ACC8A4127E89ECC002F5B6D /* WebView.swift in Sources */ = {isa = PBXBuildFile; fileRef = 2ACC8A4027E89ECC002F5B6D /* WebView.swift */; };
		2ACC8A4327E8A441002F5B6D /* DevView.swift in Sources */ = {isa = PBXBuildFile; fileRef = 2ACC8A4227E8A441002F5B6D /* DevView.swift */; };
		2ACC8A4727E8AFC9002F5B6D /* Links.swift in Sources */ = {isa = PBXBuildFile; fileRef = 2ACC8A4627E8AFC9002F5B6D /* Links.swift */; };
		2ACC8A4927E8C39E002F5B6D /* SystemThemeManager.swift in Sources */ = {isa = PBXBuildFile; fileRef = 2ACC8A4827E8C39E002F5B6D /* SystemThemeManager.swift */; };
		2AF5D93A2A63EE5E006725A8 /* PersistenceControllerTests.swift in Sources */ = {isa = PBXBuildFile; fileRef = 2AF5D9392A63EE5E006725A8 /* PersistenceControllerTests.swift */; };
		2AF8600327DB16EA00B3BC40 /* Authors.json in Resources */ = {isa = PBXBuildFile; fileRef = 2AF8600227DB16EA00B3BC40 /* Authors.json */; };
		2AF8600527DC5B2C00B3BC40 /* QuoteView.swift in Sources */ = {isa = PBXBuildFile; fileRef = 2AF8600427DC5B2C00B3BC40 /* QuoteView.swift */; };
		2AF98E3B27DE2E00004D21DA /* Authors.swift in Sources */ = {isa = PBXBuildFile; fileRef = 2AF98E3A27DE2E00004D21DA /* Authors.swift */; };
/* End PBXBuildFile section */

/* Begin PBXContainerItemProxy section */
		2A7FD5EB2A62710700E924EE /* PBXContainerItemProxy */ = {
			isa = PBXContainerItemProxy;
			containerPortal = 2A17BA8727D5D8E000E0D755 /* Project object */;
			proxyType = 1;
			remoteGlobalIDString = 2A17BA8E27D5D8E000E0D755;
			remoteInfo = Poetic;
		};
/* End PBXContainerItemProxy section */

/* Begin PBXFileReference section */
		2A13BE0028B9B42800E79A0E /* NewDetailView.swift */ = {isa = PBXFileReference; lastKnownFileType = sourcecode.swift; path = NewDetailView.swift; sourceTree = "<group>"; };
		2A17BA8F27D5D8E000E0D755 /* Poetic.app */ = {isa = PBXFileReference; explicitFileType = wrapper.application; includeInIndex = 0; path = Poetic.app; sourceTree = BUILT_PRODUCTS_DIR; };
		2A17BA9227D5D8E000E0D755 /* PoeticApp.swift */ = {isa = PBXFileReference; lastKnownFileType = sourcecode.swift; path = PoeticApp.swift; sourceTree = "<group>"; };
		2A17BA9427D5D8E000E0D755 /* ContentView.swift */ = {isa = PBXFileReference; lastKnownFileType = sourcecode.swift; path = ContentView.swift; sourceTree = "<group>"; };
		2A17BA9627D5D8E000E0D755 /* Assets.xcassets */ = {isa = PBXFileReference; lastKnownFileType = folder.assetcatalog; path = Assets.xcassets; sourceTree = "<group>"; };
		2A17BA9927D5D8E000E0D755 /* Preview Assets.xcassets */ = {isa = PBXFileReference; lastKnownFileType = folder.assetcatalog; path = "Preview Assets.xcassets"; sourceTree = "<group>"; };
		2A17BAA927D5D95400E0D755 /* FavoritesView.swift */ = {isa = PBXFileReference; lastKnownFileType = sourcecode.swift; path = FavoritesView.swift; sourceTree = "<group>"; };
		2A17BAAB27D5D96E00E0D755 /* APIService.swift */ = {isa = PBXFileReference; lastKnownFileType = sourcecode.swift; path = APIService.swift; sourceTree = "<group>"; };
		2A17BAAD27D6418400E0D755 /* Poem.swift */ = {isa = PBXFileReference; lastKnownFileType = sourcecode.swift; path = Poem.swift; sourceTree = "<group>"; };
		2A17BAAF27D641D200E0D755 /* PoemViewModel.swift */ = {isa = PBXFileReference; lastKnownFileType = sourcecode.swift; path = PoemViewModel.swift; sourceTree = "<group>"; };
		2A19EA9A27F09E1C00022EFE /* NotificationManager.swift */ = {isa = PBXFileReference; lastKnownFileType = sourcecode.swift; path = NotificationManager.swift; sourceTree = "<group>"; };
		2A1ABA4828F2CEAA00D48AA1 /* IntegratedSearchView.swift */ = {isa = PBXFileReference; lastKnownFileType = sourcecode.swift; path = IntegratedSearchView.swift; sourceTree = "<group>"; };
		2A1ABA5328F3FBA400D48AA1 /* SearchFIlter.swift */ = {isa = PBXFileReference; lastKnownFileType = sourcecode.swift; path = SearchFIlter.swift; sourceTree = "<group>"; };
		2A1ABA5728F4016900D48AA1 /* APIConst.swift */ = {isa = PBXFileReference; lastKnownFileType = sourcecode.swift; path = APIConst.swift; sourceTree = "<group>"; };
		2A1ABA5928F4090000D48AA1 /* NetworkError.swift */ = {isa = PBXFileReference; lastKnownFileType = sourcecode.swift; path = NetworkError.swift; sourceTree = "<group>"; };
		2A1ABA5B28F41DD100D48AA1 /* PKHUDView.swift */ = {isa = PBXFileReference; lastKnownFileType = sourcecode.swift; path = PKHUDView.swift; sourceTree = "<group>"; };
		2A1ABA5D28F41E1C00D48AA1 /* View+PKHUD.swift */ = {isa = PBXFileReference; lastKnownFileType = sourcecode.swift; path = "View+PKHUD.swift"; sourceTree = "<group>"; };
		2A1EC6B62A68C4A40012F138 /* StoreKit.framework */ = {isa = PBXFileReference; lastKnownFileType = wrapper.framework; name = StoreKit.framework; path = System/Library/Frameworks/StoreKit.framework; sourceTree = SDKROOT; };
		2A1EC6BB2A68C8380012F138 /* TipsStoreConfiguration.storekit */ = {isa = PBXFileReference; lastKnownFileType = text; path = TipsStoreConfiguration.storekit; sourceTree = "<group>"; };
		2A1EC6BD2A68CA4F0012F138 /* StoreKitManager.swift */ = {isa = PBXFileReference; lastKnownFileType = sourcecode.swift; path = StoreKitManager.swift; sourceTree = "<group>"; };
		2A1EC6BF2A68CBB50012F138 /* Constants.swift */ = {isa = PBXFileReference; lastKnownFileType = sourcecode.swift; path = Constants.swift; sourceTree = "<group>"; };
		2A1EC6C22A68D2350012F138 /* TipsView.swift */ = {isa = PBXFileReference; lastKnownFileType = sourcecode.swift; path = TipsView.swift; sourceTree = "<group>"; };
		2A304723288FB01500E43820 /* NewHomeView.swift */ = {isa = PBXFileReference; fileEncoding = 4; lastKnownFileType = sourcecode.swift; path = NewHomeView.swift; sourceTree = "<group>"; };
		2A37936B27D8A4B800FA48ED /* LineBreak.swift */ = {isa = PBXFileReference; lastKnownFileType = sourcecode.swift; path = LineBreak.swift; sourceTree = "<group>"; };
		2A37937A27D8D48A00FA48ED /* Bundle-Decodable.swift */ = {isa = PBXFileReference; lastKnownFileType = sourcecode.swift; path = "Bundle-Decodable.swift"; sourceTree = "<group>"; };
		2A38CF7827DF74BB00A44268 /* Poetic.xcdatamodel */ = {isa = PBXFileReference; lastKnownFileType = wrapper.xcdatamodel; path = Poetic.xcdatamodel; sourceTree = "<group>"; };
		2A38CF7A27DF74CC00A44268 /* PersistenceController.swift */ = {isa = PBXFileReference; lastKnownFileType = sourcecode.swift; path = PersistenceController.swift; sourceTree = "<group>"; };
		2A42F5DF299A623200122847 /* TitleAuthorFavoriteCell.swift */ = {isa = PBXFileReference; lastKnownFileType = sourcecode.swift; path = TitleAuthorFavoriteCell.swift; sourceTree = "<group>"; };
		2A42F5E1299A62B500122847 /* TitleAuthorDateHomeCell.swift */ = {isa = PBXFileReference; lastKnownFileType = sourcecode.swift; path = TitleAuthorDateHomeCell.swift; sourceTree = "<group>"; };
		2A42F5E4299A691A00122847 /* AuthorView.swift */ = {isa = PBXFileReference; lastKnownFileType = sourcecode.swift; path = AuthorView.swift; sourceTree = "<group>"; };
		2A42F5E6299BBF9900122847 /* AuthorCell.swift */ = {isa = PBXFileReference; lastKnownFileType = sourcecode.swift; path = AuthorCell.swift; sourceTree = "<group>"; };
		2A42F5E8299BBFBC00122847 /* AuthorPoemCell.swift */ = {isa = PBXFileReference; lastKnownFileType = sourcecode.swift; path = AuthorPoemCell.swift; sourceTree = "<group>"; };
		2A67DA4728DF2CBD00F1A5C0 /* Fonts.swift */ = {isa = PBXFileReference; lastKnownFileType = sourcecode.swift; path = Fonts.swift; sourceTree = "<group>"; };
		2A77337928C777C700C115E9 /* FlatLinkStyle.swift */ = {isa = PBXFileReference; lastKnownFileType = sourcecode.swift; path = FlatLinkStyle.swift; sourceTree = "<group>"; };
		2A77337D28C8C6B000C115E9 /* FailedPoemCard.swift */ = {isa = PBXFileReference; lastKnownFileType = sourcecode.swift; path = FailedPoemCard.swift; sourceTree = "<group>"; };
		2A7FD5E12A626E8200E924EE /* HapticFeedBackGenerator.swift */ = {isa = PBXFileReference; lastKnownFileType = sourcecode.swift; path = HapticFeedBackGenerator.swift; sourceTree = "<group>"; };
		2A7FD5E72A62710700E924EE /* PoeticTests.xctest */ = {isa = PBXFileReference; explicitFileType = wrapper.cfbundle; includeInIndex = 0; path = PoeticTests.xctest; sourceTree = BUILT_PRODUCTS_DIR; };
		2A7FD5F02A627D7600E924EE /* MockAPIService.swift */ = {isa = PBXFileReference; lastKnownFileType = sourcecode.swift; path = MockAPIService.swift; sourceTree = "<group>"; };
		2A7FD5F22A627F0600E924EE /* mockResponse.json */ = {isa = PBXFileReference; lastKnownFileType = text.json; path = mockResponse.json; sourceTree = "<group>"; };
		2A7FD5F42A627F8500E924EE /* Mockable.swift */ = {isa = PBXFileReference; lastKnownFileType = sourcecode.swift; path = Mockable.swift; sourceTree = "<group>"; };
		2A7FD5F62A62862D00E924EE /* PoemViewModelTests.swift */ = {isa = PBXFileReference; lastKnownFileType = sourcecode.swift; path = PoemViewModelTests.swift; sourceTree = "<group>"; };
		2A81C48528C45B4300437EC3 /* View+FontWithLineHeight.swift */ = {isa = PBXFileReference; lastKnownFileType = sourcecode.swift; path = "View+FontWithLineHeight.swift"; sourceTree = "<group>"; };
		2A81C48728C4D25C00437EC3 /* PoemCard.swift */ = {isa = PBXFileReference; lastKnownFileType = sourcecode.swift; path = PoemCard.swift; sourceTree = "<group>"; };
		2A8ADBC52A69019F001630B1 /* View+ToAnyView.swift */ = {isa = PBXFileReference; lastKnownFileType = sourcecode.swift; path = "View+ToAnyView.swift"; sourceTree = "<group>"; };
		2A8ADBCC2A6C13A2001630B1 /* CSVManager.swift */ = {isa = PBXFileReference; lastKnownFileType = sourcecode.swift; path = CSVManager.swift; sourceTree = "<group>"; };
		2A8ADBCE2A6C13BE001630B1 /* PoetryFoundationData.csv */ = {isa = PBXFileReference; fileEncoding = 4; lastKnownFileType = text; path = PoetryFoundationData.csv; sourceTree = "<group>"; };
		2AB4B9A727E05F1C008FB84B /* Color.swift */ = {isa = PBXFileReference; lastKnownFileType = sourcecode.swift; path = Color.swift; sourceTree = "<group>"; };
		2AB4CE1627DDBBBF007937CC /* Quote.swift */ = {isa = PBXFileReference; lastKnownFileType = sourcecode.swift; path = Quote.swift; sourceTree = "<group>"; };
		2ABCC206285095A900CA0FB3 /* PoemView.swift */ = {isa = PBXFileReference; lastKnownFileType = sourcecode.swift; path = PoemView.swift; sourceTree = "<group>"; };
		2ACC8A3C27E86E3B002F5B6D /* SettingsView.swift */ = {isa = PBXFileReference; lastKnownFileType = sourcecode.swift; path = SettingsView.swift; sourceTree = "<group>"; };
		2ACC8A4027E89ECC002F5B6D /* WebView.swift */ = {isa = PBXFileReference; lastKnownFileType = sourcecode.swift; path = WebView.swift; sourceTree = "<group>"; };
		2ACC8A4227E8A441002F5B6D /* DevView.swift */ = {isa = PBXFileReference; lastKnownFileType = sourcecode.swift; path = DevView.swift; sourceTree = "<group>"; };
		2ACC8A4627E8AFC9002F5B6D /* Links.swift */ = {isa = PBXFileReference; lastKnownFileType = sourcecode.swift; path = Links.swift; sourceTree = "<group>"; };
		2ACC8A4827E8C39E002F5B6D /* SystemThemeManager.swift */ = {isa = PBXFileReference; lastKnownFileType = sourcecode.swift; path = SystemThemeManager.swift; sourceTree = "<group>"; };
		2AF5D9392A63EE5E006725A8 /* PersistenceControllerTests.swift */ = {isa = PBXFileReference; lastKnownFileType = sourcecode.swift; path = PersistenceControllerTests.swift; sourceTree = "<group>"; };
		2AF5D93B2A656983006725A8 /* Poetic.xctestplan */ = {isa = PBXFileReference; lastKnownFileType = text; path = Poetic.xctestplan; sourceTree = "<group>"; };
		2AF8600227DB16EA00B3BC40 /* Authors.json */ = {isa = PBXFileReference; fileEncoding = 4; lastKnownFileType = text.json; path = Authors.json; sourceTree = "<group>"; };
		2AF8600427DC5B2C00B3BC40 /* QuoteView.swift */ = {isa = PBXFileReference; lastKnownFileType = sourcecode.swift; path = QuoteView.swift; sourceTree = "<group>"; };
		2AF98E3A27DE2E00004D21DA /* Authors.swift */ = {isa = PBXFileReference; lastKnownFileType = sourcecode.swift; path = Authors.swift; sourceTree = "<group>"; };
/* End PBXFileReference section */

/* Begin PBXFrameworksBuildPhase section */
		2A17BA8C27D5D8E000E0D755 /* Frameworks */ = {
			isa = PBXFrameworksBuildPhase;
			buildActionMask = 2147483647;
			files = (
				2A8ADBD22A6C1970001630B1 /* CodableCSV in Frameworks */,
				2A1EC6B72A68C4A40012F138 /* StoreKit.framework in Frameworks */,
				2A1ABA4C28F3F61200D48AA1 /* Alamofire in Frameworks */,
				2A1ABA4F28F3F6A300D48AA1 /* PKHUD in Frameworks */,
			);
			runOnlyForDeploymentPostprocessing = 0;
		};
		2A7FD5E42A62710700E924EE /* Frameworks */ = {
			isa = PBXFrameworksBuildPhase;
			buildActionMask = 2147483647;
			files = (
			);
			runOnlyForDeploymentPostprocessing = 0;
		};
/* End PBXFrameworksBuildPhase section */

/* Begin PBXGroup section */
		2A17BA8627D5D8E000E0D755 = {
			isa = PBXGroup;
			children = (
				2AF5D93B2A656983006725A8 /* Poetic.xctestplan */,
				2A17BA9127D5D8E000E0D755 /* Poetic */,
				2A7FD5E82A62710700E924EE /* PoeticTests */,
				2A17BA9027D5D8E000E0D755 /* Products */,
				2A1EC6B52A68C4A40012F138 /* Frameworks */,
			);
			sourceTree = "<group>";
		};
		2A17BA9027D5D8E000E0D755 /* Products */ = {
			isa = PBXGroup;
			children = (
				2A17BA8F27D5D8E000E0D755 /* Poetic.app */,
				2A7FD5E72A62710700E924EE /* PoeticTests.xctest */,
			);
			name = Products;
			sourceTree = "<group>";
		};
		2A17BA9127D5D8E000E0D755 /* Poetic */ = {
			isa = PBXGroup;
			children = (
				2A17BA9227D5D8E000E0D755 /* PoeticApp.swift */,
				2A17BA9427D5D8E000E0D755 /* ContentView.swift */,
				2A8ADBCB2A6C1386001630B1 /* CSV */,
				2A1EC6BC2A68CA0F0012F138 /* StoreKit */,
				2A1EC6C12A68CC580012F138 /* Utility */,
				2A17BAA427D5D91600E0D755 /* Extensions */,
				2A17BAA327D5D91200E0D755 /* Service */,
				2A17BAA227D5D90800E0D755 /* Model */,
				2A17BAA127D5D8FF00E0D755 /* ViewModels */,
				2A37936D27D8A50900FA48ED /* ViewComponents */,
				2A17BAA027D5D8F900E0D755 /* View */,
				2A17BA9627D5D8E000E0D755 /* Assets.xcassets */,
				2A17BA9827D5D8E000E0D755 /* Preview Content */,
			);
			path = Poetic;
			sourceTree = "<group>";
		};
		2A17BA9827D5D8E000E0D755 /* Preview Content */ = {
			isa = PBXGroup;
			children = (
				2A17BA9927D5D8E000E0D755 /* Preview Assets.xcassets */,
			);
			path = "Preview Content";
			sourceTree = "<group>";
		};
		2A17BAA027D5D8F900E0D755 /* View */ = {
			isa = PBXGroup;
			children = (
				2A42F5E3299A690C00122847 /* Author */,
				2A77337328C6211200C115E9 /* Home */,
				2A77337428C6211C00C115E9 /* Search */,
				2A77337528C6212300C115E9 /* Favorites */,
				2A77337628C6212A00C115E9 /* Quotes */,
				2A77337728C6213300C115E9 /* Menu */,
				2A77337828C6216100C115E9 /* Detail */,
			);
			path = View;
			sourceTree = "<group>";
		};
		2A17BAA127D5D8FF00E0D755 /* ViewModels */ = {
			isa = PBXGroup;
			children = (
				2A38CF7A27DF74CC00A44268 /* PersistenceController.swift */,
				2A17BAAF27D641D200E0D755 /* PoemViewModel.swift */,
			);
			path = ViewModels;
			sourceTree = "<group>";
		};
		2A17BAA227D5D90800E0D755 /* Model */ = {
			isa = PBXGroup;
			children = (
				2A17BAAD27D6418400E0D755 /* Poem.swift */,
				2AF98E3A27DE2E00004D21DA /* Authors.swift */,
				2AB4CE1627DDBBBF007937CC /* Quote.swift */,
				2A38CF7727DF74BB00A44268 /* Poetic.xcdatamodeld */,
			);
			path = Model;
			sourceTree = "<group>";
		};
		2A17BAA327D5D91200E0D755 /* Service */ = {
			isa = PBXGroup;
			children = (
				2A17BAAB27D5D96E00E0D755 /* APIService.swift */,
				2A1ABA5928F4090000D48AA1 /* NetworkError.swift */,
				2A1ABA5728F4016900D48AA1 /* APIConst.swift */,
				2A1ABA5328F3FBA400D48AA1 /* SearchFIlter.swift */,
				2A37937A27D8D48A00FA48ED /* Bundle-Decodable.swift */,
				2AF8600227DB16EA00B3BC40 /* Authors.json */,
			);
			path = Service;
			sourceTree = "<group>";
		};
		2A17BAA427D5D91600E0D755 /* Extensions */ = {
			isa = PBXGroup;
			children = (
				2AB4B9A727E05F1C008FB84B /* Color.swift */,
				2A1ABA5D28F41E1C00D48AA1 /* View+PKHUD.swift */,
				2A8ADBC52A69019F001630B1 /* View+ToAnyView.swift */,
				2A81C48528C45B4300437EC3 /* View+FontWithLineHeight.swift */,
			);
			path = Extensions;
			sourceTree = "<group>";
		};
		2A1EC6B52A68C4A40012F138 /* Frameworks */ = {
			isa = PBXGroup;
			children = (
				2A1EC6B62A68C4A40012F138 /* StoreKit.framework */,
			);
			name = Frameworks;
			sourceTree = "<group>";
		};
		2A1EC6BC2A68CA0F0012F138 /* StoreKit */ = {
			isa = PBXGroup;
			children = (
				2A1EC6BD2A68CA4F0012F138 /* StoreKitManager.swift */,
				2A1EC6C22A68D2350012F138 /* TipsView.swift */,
				2A1EC6BB2A68C8380012F138 /* TipsStoreConfiguration.storekit */,
			);
			path = StoreKit;
			sourceTree = "<group>";
		};
		2A1EC6C12A68CC580012F138 /* Utility */ = {
			isa = PBXGroup;
			children = (
				2ACC8A4627E8AFC9002F5B6D /* Links.swift */,
				2ACC8A4827E8C39E002F5B6D /* SystemThemeManager.swift */,
				2A19EA9A27F09E1C00022EFE /* NotificationManager.swift */,
				2A67DA4728DF2CBD00F1A5C0 /* Fonts.swift */,
				2A1EC6BF2A68CBB50012F138 /* Constants.swift */,
				2A7FD5E12A626E8200E924EE /* HapticFeedBackGenerator.swift */,
				2A77337928C777C700C115E9 /* FlatLinkStyle.swift */,
			);
			path = Utility;
			sourceTree = "<group>";
		};
		2A37936D27D8A50900FA48ED /* ViewComponents */ = {
			isa = PBXGroup;
			children = (
				2ABCC206285095A900CA0FB3 /* PoemView.swift */,
				2A1ABA5B28F41DD100D48AA1 /* PKHUDView.swift */,
				2A37936B27D8A4B800FA48ED /* LineBreak.swift */,
				2ACC8A4027E89ECC002F5B6D /* WebView.swift */,
			);
			path = ViewComponents;
			sourceTree = "<group>";
		};
		2A42F5E3299A690C00122847 /* Author */ = {
			isa = PBXGroup;
			children = (
				2A42F5E4299A691A00122847 /* AuthorView.swift */,
				2A42F5E8299BBFBC00122847 /* AuthorPoemCell.swift */,
			);
			path = Author;
			sourceTree = "<group>";
		};
		2A77337328C6211200C115E9 /* Home */ = {
			isa = PBXGroup;
			children = (
				2A304723288FB01500E43820 /* NewHomeView.swift */,
				2A42F5E1299A62B500122847 /* TitleAuthorDateHomeCell.swift */,
				2A81C48728C4D25C00437EC3 /* PoemCard.swift */,
				2A77337D28C8C6B000C115E9 /* FailedPoemCard.swift */,
			);
			path = Home;
			sourceTree = "<group>";
		};
		2A77337428C6211C00C115E9 /* Search */ = {
			isa = PBXGroup;
			children = (
				2A1ABA4828F2CEAA00D48AA1 /* IntegratedSearchView.swift */,
				2A42F5E6299BBF9900122847 /* AuthorCell.swift */,
			);
			path = Search;
			sourceTree = "<group>";
		};
		2A77337528C6212300C115E9 /* Favorites */ = {
			isa = PBXGroup;
			children = (
				2A17BAA927D5D95400E0D755 /* FavoritesView.swift */,
				2A42F5DF299A623200122847 /* TitleAuthorFavoriteCell.swift */,
			);
			path = Favorites;
			sourceTree = "<group>";
		};
		2A77337628C6212A00C115E9 /* Quotes */ = {
			isa = PBXGroup;
			children = (
				2AF8600427DC5B2C00B3BC40 /* QuoteView.swift */,
			);
			path = Quotes;
			sourceTree = "<group>";
		};
		2A77337728C6213300C115E9 /* Menu */ = {
			isa = PBXGroup;
			children = (
				2ACC8A3C27E86E3B002F5B6D /* SettingsView.swift */,
				2ACC8A4227E8A441002F5B6D /* DevView.swift */,
			);
			path = Menu;
			sourceTree = "<group>";
		};
		2A77337828C6216100C115E9 /* Detail */ = {
			isa = PBXGroup;
			children = (
				2A13BE0028B9B42800E79A0E /* NewDetailView.swift */,
			);
			path = Detail;
			sourceTree = "<group>";
		};
		2A7FD5E82A62710700E924EE /* PoeticTests */ = {
			isa = PBXGroup;
			children = (
				2A7FD5F02A627D7600E924EE /* MockAPIService.swift */,
				2AF5D9392A63EE5E006725A8 /* PersistenceControllerTests.swift */,
				2A7FD5F62A62862D00E924EE /* PoemViewModelTests.swift */,
				2A7FD5F42A627F8500E924EE /* Mockable.swift */,
				2A7FD5F22A627F0600E924EE /* mockResponse.json */,
			);
			path = PoeticTests;
			sourceTree = "<group>";
		};
		2A8ADBCB2A6C1386001630B1 /* CSV */ = {
			isa = PBXGroup;
			children = (
				2A8ADBCE2A6C13BE001630B1 /* PoetryFoundationData.csv */,
				2A8ADBCC2A6C13A2001630B1 /* CSVManager.swift */,
			);
			path = CSV;
			sourceTree = "<group>";
		};
/* End PBXGroup section */

/* Begin PBXNativeTarget section */
		2A17BA8E27D5D8E000E0D755 /* Poetic */ = {
			isa = PBXNativeTarget;
			buildConfigurationList = 2A17BA9D27D5D8E000E0D755 /* Build configuration list for PBXNativeTarget "Poetic" */;
			buildPhases = (
				2A17BA8B27D5D8E000E0D755 /* Sources */,
				2A17BA8C27D5D8E000E0D755 /* Frameworks */,
				2A17BA8D27D5D8E000E0D755 /* Resources */,
			);
			buildRules = (
			);
			dependencies = (
			);
			name = Poetic;
			packageProductDependencies = (
				2A1ABA4B28F3F61200D48AA1 /* Alamofire */,
				2A1ABA4E28F3F6A300D48AA1 /* PKHUD */,
				2A8ADBD12A6C1970001630B1 /* CodableCSV */,
			);
			productName = Poetic;
			productReference = 2A17BA8F27D5D8E000E0D755 /* Poetic.app */;
			productType = "com.apple.product-type.application";
		};
		2A7FD5E62A62710700E924EE /* PoeticTests */ = {
			isa = PBXNativeTarget;
			buildConfigurationList = 2A7FD5ED2A62710700E924EE /* Build configuration list for PBXNativeTarget "PoeticTests" */;
			buildPhases = (
				2A7FD5E32A62710700E924EE /* Sources */,
				2A7FD5E42A62710700E924EE /* Frameworks */,
				2A7FD5E52A62710700E924EE /* Resources */,
			);
			buildRules = (
			);
			dependencies = (
				2A7FD5EC2A62710700E924EE /* PBXTargetDependency */,
			);
			name = PoeticTests;
			productName = PoeticTests;
			productReference = 2A7FD5E72A62710700E924EE /* PoeticTests.xctest */;
			productType = "com.apple.product-type.bundle.unit-test";
		};
/* End PBXNativeTarget section */

/* Begin PBXProject section */
		2A17BA8727D5D8E000E0D755 /* Project object */ = {
			isa = PBXProject;
			attributes = {
				BuildIndependentTargetsInParallel = 1;
				LastSwiftUpdateCheck = 1430;
				LastUpgradeCheck = 1320;
				TargetAttributes = {
					2A17BA8E27D5D8E000E0D755 = {
						CreatedOnToolsVersion = 13.2.1;
					};
					2A7FD5E62A62710700E924EE = {
						CreatedOnToolsVersion = 14.3.1;
						TestTargetID = 2A17BA8E27D5D8E000E0D755;
					};
				};
			};
			buildConfigurationList = 2A17BA8A27D5D8E000E0D755 /* Build configuration list for PBXProject "Poetic" */;
			compatibilityVersion = "Xcode 13.0";
			developmentRegion = en;
			hasScannedForEncodings = 0;
			knownRegions = (
				en,
				Base,
			);
			mainGroup = 2A17BA8627D5D8E000E0D755;
			packageReferences = (
				2A1ABA4A28F3F61200D48AA1 /* XCRemoteSwiftPackageReference "Alamofire" */,
				2A1ABA4D28F3F6A300D48AA1 /* XCRemoteSwiftPackageReference "PKHUD" */,
				2A8ADBD02A6C1970001630B1 /* XCRemoteSwiftPackageReference "CodableCSV" */,
			);
			productRefGroup = 2A17BA9027D5D8E000E0D755 /* Products */;
			projectDirPath = "";
			projectRoot = "";
			targets = (
				2A17BA8E27D5D8E000E0D755 /* Poetic */,
				2A7FD5E62A62710700E924EE /* PoeticTests */,
			);
		};
/* End PBXProject section */

/* Begin PBXResourcesBuildPhase section */
		2A17BA8D27D5D8E000E0D755 /* Resources */ = {
			isa = PBXResourcesBuildPhase;
			buildActionMask = 2147483647;
			files = (
				2A17BA9A27D5D8E000E0D755 /* Preview Assets.xcassets in Resources */,
				2AF8600327DB16EA00B3BC40 /* Authors.json in Resources */,
				2A8ADBCF2A6C13BE001630B1 /* PoetryFoundationData.csv in Resources */,
				2A17BA9727D5D8E000E0D755 /* Assets.xcassets in Resources */,
			);
			runOnlyForDeploymentPostprocessing = 0;
		};
		2A7FD5E52A62710700E924EE /* Resources */ = {
			isa = PBXResourcesBuildPhase;
			buildActionMask = 2147483647;
			files = (
				2A7FD5F32A627F0600E924EE /* mockResponse.json in Resources */,
			);
			runOnlyForDeploymentPostprocessing = 0;
		};
/* End PBXResourcesBuildPhase section */

/* Begin PBXSourcesBuildPhase section */
		2A17BA8B27D5D8E000E0D755 /* Sources */ = {
			isa = PBXSourcesBuildPhase;
			buildActionMask = 2147483647;
			files = (
				2ACC8A3D27E86E3B002F5B6D /* SettingsView.swift in Sources */,
				2A1ABA5C28F41DD100D48AA1 /* PKHUDView.swift in Sources */,
				2A1ABA5428F3FBA400D48AA1 /* SearchFIlter.swift in Sources */,
				2A8ADBC62A69019F001630B1 /* View+ToAnyView.swift in Sources */,
				2A17BAAA27D5D95400E0D755 /* FavoritesView.swift in Sources */,
				2A81C48828C4D25C00437EC3 /* PoemCard.swift in Sources */,
				2A7FD5E22A626E8200E924EE /* HapticFeedBackGenerator.swift in Sources */,
				2A304724288FB01500E43820 /* NewHomeView.swift in Sources */,
				2A1ABA5828F4016900D48AA1 /* APIConst.swift in Sources */,
				2A1EC6C02A68CBB50012F138 /* Constants.swift in Sources */,
				2A17BAAC27D5D96E00E0D755 /* APIService.swift in Sources */,
				2A37936C27D8A4B800FA48ED /* LineBreak.swift in Sources */,
				2A8ADBCD2A6C13A2001630B1 /* CSVManager.swift in Sources */,
				2A42F5E7299BBF9A00122847 /* AuthorCell.swift in Sources */,
				2AB4CE1727DDBBBF007937CC /* Quote.swift in Sources */,
				2A42F5E9299BBFBC00122847 /* AuthorPoemCell.swift in Sources */,
				2A19EA9B27F09E1C00022EFE /* NotificationManager.swift in Sources */,
				2A42F5E2299A62B500122847 /* TitleAuthorDateHomeCell.swift in Sources */,
				2A37937B27D8D48A00FA48ED /* Bundle-Decodable.swift in Sources */,
				2ACC8A4927E8C39E002F5B6D /* SystemThemeManager.swift in Sources */,
				2ACC8A4727E8AFC9002F5B6D /* Links.swift in Sources */,
				2A77337A28C777C700C115E9 /* FlatLinkStyle.swift in Sources */,
				2A1EC6C32A68D2350012F138 /* TipsView.swift in Sources */,
				2A1ABA5A28F4090000D48AA1 /* NetworkError.swift in Sources */,
				2A13BE0128B9B42800E79A0E /* NewDetailView.swift in Sources */,
				2A42F5E0299A623200122847 /* TitleAuthorFavoriteCell.swift in Sources */,
				2A38CF7927DF74BB00A44268 /* Poetic.xcdatamodeld in Sources */,
				2A17BAB027D641D200E0D755 /* PoemViewModel.swift in Sources */,
				2ACC8A4327E8A441002F5B6D /* DevView.swift in Sources */,
				2A67DA4828DF2CBD00F1A5C0 /* Fonts.swift in Sources */,
				2AF8600527DC5B2C00B3BC40 /* QuoteView.swift in Sources */,
				2A17BAAE27D6418400E0D755 /* Poem.swift in Sources */,
				2A1EC6BE2A68CA4F0012F138 /* StoreKitManager.swift in Sources */,
				2A1ABA5E28F41E1C00D48AA1 /* View+PKHUD.swift in Sources */,
				2A1ABA4928F2CEAA00D48AA1 /* IntegratedSearchView.swift in Sources */,
				2A38CF7B27DF74CC00A44268 /* PersistenceController.swift in Sources */,
				2AB4B9A827E05F1C008FB84B /* Color.swift in Sources */,
				2A77337E28C8C6B000C115E9 /* FailedPoemCard.swift in Sources */,
				2AF98E3B27DE2E00004D21DA /* Authors.swift in Sources */,
				2A17BA9527D5D8E000E0D755 /* ContentView.swift in Sources */,
				2A81C48628C45B4300437EC3 /* View+FontWithLineHeight.swift in Sources */,
				2A17BA9327D5D8E000E0D755 /* PoeticApp.swift in Sources */,
				2A42F5E5299A691A00122847 /* AuthorView.swift in Sources */,
				2ACC8A4127E89ECC002F5B6D /* WebView.swift in Sources */,
				2ABCC207285095A900CA0FB3 /* PoemView.swift in Sources */,
			);
			runOnlyForDeploymentPostprocessing = 0;
		};
		2A7FD5E32A62710700E924EE /* Sources */ = {
			isa = PBXSourcesBuildPhase;
			buildActionMask = 2147483647;
			files = (
				2A7FD5F12A627D7600E924EE /* MockAPIService.swift in Sources */,
				2A7FD5F52A627F8500E924EE /* Mockable.swift in Sources */,
				2AF5D93A2A63EE5E006725A8 /* PersistenceControllerTests.swift in Sources */,
				2A7FD5F72A62862D00E924EE /* PoemViewModelTests.swift in Sources */,
			);
			runOnlyForDeploymentPostprocessing = 0;
		};
/* End PBXSourcesBuildPhase section */

/* Begin PBXTargetDependency section */
		2A7FD5EC2A62710700E924EE /* PBXTargetDependency */ = {
			isa = PBXTargetDependency;
			target = 2A17BA8E27D5D8E000E0D755 /* Poetic */;
			targetProxy = 2A7FD5EB2A62710700E924EE /* PBXContainerItemProxy */;
		};
/* End PBXTargetDependency section */

/* Begin XCBuildConfiguration section */
		2A17BA9B27D5D8E000E0D755 /* Debug */ = {
			isa = XCBuildConfiguration;
			buildSettings = {
				ALWAYS_SEARCH_USER_PATHS = NO;
				CLANG_ANALYZER_NONNULL = YES;
				CLANG_ANALYZER_NUMBER_OBJECT_CONVERSION = YES_AGGRESSIVE;
				CLANG_CXX_LANGUAGE_STANDARD = "gnu++17";
				CLANG_CXX_LIBRARY = "libc++";
				CLANG_ENABLE_MODULES = YES;
				CLANG_ENABLE_OBJC_ARC = YES;
				CLANG_ENABLE_OBJC_WEAK = YES;
				CLANG_WARN_BLOCK_CAPTURE_AUTORELEASING = YES;
				CLANG_WARN_BOOL_CONVERSION = YES;
				CLANG_WARN_COMMA = YES;
				CLANG_WARN_CONSTANT_CONVERSION = YES;
				CLANG_WARN_DEPRECATED_OBJC_IMPLEMENTATIONS = YES;
				CLANG_WARN_DIRECT_OBJC_ISA_USAGE = YES_ERROR;
				CLANG_WARN_DOCUMENTATION_COMMENTS = YES;
				CLANG_WARN_EMPTY_BODY = YES;
				CLANG_WARN_ENUM_CONVERSION = YES;
				CLANG_WARN_INFINITE_RECURSION = YES;
				CLANG_WARN_INT_CONVERSION = YES;
				CLANG_WARN_NON_LITERAL_NULL_CONVERSION = YES;
				CLANG_WARN_OBJC_IMPLICIT_RETAIN_SELF = YES;
				CLANG_WARN_OBJC_LITERAL_CONVERSION = YES;
				CLANG_WARN_OBJC_ROOT_CLASS = YES_ERROR;
				CLANG_WARN_QUOTED_INCLUDE_IN_FRAMEWORK_HEADER = YES;
				CLANG_WARN_RANGE_LOOP_ANALYSIS = YES;
				CLANG_WARN_STRICT_PROTOTYPES = YES;
				CLANG_WARN_SUSPICIOUS_MOVE = YES;
				CLANG_WARN_UNGUARDED_AVAILABILITY = YES_AGGRESSIVE;
				CLANG_WARN_UNREACHABLE_CODE = YES;
				CLANG_WARN__DUPLICATE_METHOD_MATCH = YES;
				COPY_PHASE_STRIP = NO;
				DEBUG_INFORMATION_FORMAT = dwarf;
				ENABLE_STRICT_OBJC_MSGSEND = YES;
				ENABLE_TESTABILITY = YES;
				GCC_C_LANGUAGE_STANDARD = gnu11;
				GCC_DYNAMIC_NO_PIC = NO;
				GCC_NO_COMMON_BLOCKS = YES;
				GCC_OPTIMIZATION_LEVEL = 0;
				GCC_PREPROCESSOR_DEFINITIONS = (
					"DEBUG=1",
					"$(inherited)",
				);
				GCC_WARN_64_TO_32_BIT_CONVERSION = YES;
				GCC_WARN_ABOUT_RETURN_TYPE = YES_ERROR;
				GCC_WARN_UNDECLARED_SELECTOR = YES;
				GCC_WARN_UNINITIALIZED_AUTOS = YES_AGGRESSIVE;
				GCC_WARN_UNUSED_FUNCTION = YES;
				GCC_WARN_UNUSED_VARIABLE = YES;
				IPHONEOS_DEPLOYMENT_TARGET = 15.0;
				MTL_ENABLE_DEBUG_INFO = INCLUDE_SOURCE;
				MTL_FAST_MATH = YES;
				ONLY_ACTIVE_ARCH = YES;
				SDKROOT = iphoneos;
				SWIFT_ACTIVE_COMPILATION_CONDITIONS = DEBUG;
				SWIFT_OPTIMIZATION_LEVEL = "-Onone";
			};
			name = Debug;
		};
		2A17BA9C27D5D8E000E0D755 /* Release */ = {
			isa = XCBuildConfiguration;
			buildSettings = {
				ALWAYS_SEARCH_USER_PATHS = NO;
				CLANG_ANALYZER_NONNULL = YES;
				CLANG_ANALYZER_NUMBER_OBJECT_CONVERSION = YES_AGGRESSIVE;
				CLANG_CXX_LANGUAGE_STANDARD = "gnu++17";
				CLANG_CXX_LIBRARY = "libc++";
				CLANG_ENABLE_MODULES = YES;
				CLANG_ENABLE_OBJC_ARC = YES;
				CLANG_ENABLE_OBJC_WEAK = YES;
				CLANG_WARN_BLOCK_CAPTURE_AUTORELEASING = YES;
				CLANG_WARN_BOOL_CONVERSION = YES;
				CLANG_WARN_COMMA = YES;
				CLANG_WARN_CONSTANT_CONVERSION = YES;
				CLANG_WARN_DEPRECATED_OBJC_IMPLEMENTATIONS = YES;
				CLANG_WARN_DIRECT_OBJC_ISA_USAGE = YES_ERROR;
				CLANG_WARN_DOCUMENTATION_COMMENTS = YES;
				CLANG_WARN_EMPTY_BODY = YES;
				CLANG_WARN_ENUM_CONVERSION = YES;
				CLANG_WARN_INFINITE_RECURSION = YES;
				CLANG_WARN_INT_CONVERSION = YES;
				CLANG_WARN_NON_LITERAL_NULL_CONVERSION = YES;
				CLANG_WARN_OBJC_IMPLICIT_RETAIN_SELF = YES;
				CLANG_WARN_OBJC_LITERAL_CONVERSION = YES;
				CLANG_WARN_OBJC_ROOT_CLASS = YES_ERROR;
				CLANG_WARN_QUOTED_INCLUDE_IN_FRAMEWORK_HEADER = YES;
				CLANG_WARN_RANGE_LOOP_ANALYSIS = YES;
				CLANG_WARN_STRICT_PROTOTYPES = YES;
				CLANG_WARN_SUSPICIOUS_MOVE = YES;
				CLANG_WARN_UNGUARDED_AVAILABILITY = YES_AGGRESSIVE;
				CLANG_WARN_UNREACHABLE_CODE = YES;
				CLANG_WARN__DUPLICATE_METHOD_MATCH = YES;
				COPY_PHASE_STRIP = NO;
				DEBUG_INFORMATION_FORMAT = "dwarf-with-dsym";
				ENABLE_NS_ASSERTIONS = NO;
				ENABLE_STRICT_OBJC_MSGSEND = YES;
				GCC_C_LANGUAGE_STANDARD = gnu11;
				GCC_NO_COMMON_BLOCKS = YES;
				GCC_WARN_64_TO_32_BIT_CONVERSION = YES;
				GCC_WARN_ABOUT_RETURN_TYPE = YES_ERROR;
				GCC_WARN_UNDECLARED_SELECTOR = YES;
				GCC_WARN_UNINITIALIZED_AUTOS = YES_AGGRESSIVE;
				GCC_WARN_UNUSED_FUNCTION = YES;
				GCC_WARN_UNUSED_VARIABLE = YES;
				IPHONEOS_DEPLOYMENT_TARGET = 15.0;
				MTL_ENABLE_DEBUG_INFO = NO;
				MTL_FAST_MATH = YES;
				SDKROOT = iphoneos;
				SWIFT_COMPILATION_MODE = wholemodule;
				SWIFT_OPTIMIZATION_LEVEL = "-O";
				VALIDATE_PRODUCT = YES;
			};
			name = Release;
		};
		2A17BA9E27D5D8E000E0D755 /* Debug */ = {
			isa = XCBuildConfiguration;
			buildSettings = {
				ASSETCATALOG_COMPILER_APPICON_NAME = AppIcon;
				ASSETCATALOG_COMPILER_GLOBAL_ACCENT_COLOR_NAME = AccentColor;
				CODE_SIGN_STYLE = Automatic;
				CURRENT_PROJECT_VERSION = 1;
				DEVELOPMENT_ASSET_PATHS = "\"Poetic/Preview Content\"";
				DEVELOPMENT_TEAM = YT4PWFD9G5;
				ENABLE_PREVIEWS = YES;
				GENERATE_INFOPLIST_FILE = YES;
				INFOPLIST_FILE = Poetic/Info.plist;
				INFOPLIST_KEY_LSApplicationCategoryType = "";
				INFOPLIST_KEY_UIApplicationSceneManifest_Generation = YES;
				INFOPLIST_KEY_UIApplicationSupportsIndirectInputEvents = YES;
				INFOPLIST_KEY_UILaunchScreen_Generation = YES;
				INFOPLIST_KEY_UISupportedInterfaceOrientations = UIInterfaceOrientationPortrait;
				INFOPLIST_KEY_UISupportedInterfaceOrientations_iPad = "UIInterfaceOrientationPortrait UIInterfaceOrientationPortraitUpsideDown UIInterfaceOrientationLandscapeLeft UIInterfaceOrientationLandscapeRight";
				INFOPLIST_KEY_UISupportedInterfaceOrientations_iPhone = UIInterfaceOrientationPortrait;
				IPHONEOS_DEPLOYMENT_TARGET = 16.0;
				LD_RUNPATH_SEARCH_PATHS = (
					"$(inherited)",
					"@executable_path/Frameworks",
				);
				MARKETING_VERSION = 2.0;
				PRODUCT_BUNDLE_IDENTIFIER = Dean.Thompson.Poetic;
				PRODUCT_NAME = "$(TARGET_NAME)";
				SWIFT_EMIT_LOC_STRINGS = YES;
				SWIFT_VERSION = 5.0;
				TARGETED_DEVICE_FAMILY = 1;
			};
			name = Debug;
		};
		2A17BA9F27D5D8E000E0D755 /* Release */ = {
			isa = XCBuildConfiguration;
			buildSettings = {
				ASSETCATALOG_COMPILER_APPICON_NAME = AppIcon;
				ASSETCATALOG_COMPILER_GLOBAL_ACCENT_COLOR_NAME = AccentColor;
				CODE_SIGN_STYLE = Automatic;
				CURRENT_PROJECT_VERSION = 1;
				DEVELOPMENT_ASSET_PATHS = "\"Poetic/Preview Content\"";
				DEVELOPMENT_TEAM = YT4PWFD9G5;
				ENABLE_PREVIEWS = YES;
				GENERATE_INFOPLIST_FILE = YES;
				INFOPLIST_FILE = Poetic/Info.plist;
				INFOPLIST_KEY_LSApplicationCategoryType = "";
				INFOPLIST_KEY_UIApplicationSceneManifest_Generation = YES;
				INFOPLIST_KEY_UIApplicationSupportsIndirectInputEvents = YES;
				INFOPLIST_KEY_UILaunchScreen_Generation = YES;
				INFOPLIST_KEY_UISupportedInterfaceOrientations = UIInterfaceOrientationPortrait;
				INFOPLIST_KEY_UISupportedInterfaceOrientations_iPad = "UIInterfaceOrientationPortrait UIInterfaceOrientationPortraitUpsideDown UIInterfaceOrientationLandscapeLeft UIInterfaceOrientationLandscapeRight";
				INFOPLIST_KEY_UISupportedInterfaceOrientations_iPhone = UIInterfaceOrientationPortrait;
				IPHONEOS_DEPLOYMENT_TARGET = 16.0;
				LD_RUNPATH_SEARCH_PATHS = (
					"$(inherited)",
					"@executable_path/Frameworks",
				);
				MARKETING_VERSION = 2.0;
				PRODUCT_BUNDLE_IDENTIFIER = Dean.Thompson.Poetic;
				PRODUCT_NAME = "$(TARGET_NAME)";
				SWIFT_EMIT_LOC_STRINGS = YES;
				SWIFT_VERSION = 5.0;
				TARGETED_DEVICE_FAMILY = 1;
			};
			name = Release;
		};
		2A7FD5EE2A62710700E924EE /* Debug */ = {
			isa = XCBuildConfiguration;
			buildSettings = {
				BUNDLE_LOADER = "$(TEST_HOST)";
				CLANG_CXX_LANGUAGE_STANDARD = "gnu++20";
				CODE_SIGN_STYLE = Automatic;
				CURRENT_PROJECT_VERSION = 1;
				DEVELOPMENT_TEAM = YT4PWFD9G5;
				GENERATE_INFOPLIST_FILE = YES;
				IPHONEOS_DEPLOYMENT_TARGET = 16.0;
				MARKETING_VERSION = 1.0;
				PRODUCT_BUNDLE_IDENTIFIER = Dean.Thompson.PoeticTests;
				PRODUCT_NAME = "$(TARGET_NAME)";
				SWIFT_EMIT_LOC_STRINGS = NO;
				SWIFT_VERSION = 5.0;
				TARGETED_DEVICE_FAMILY = "1,2";
				TEST_HOST = "$(BUILT_PRODUCTS_DIR)/Poetic.app/$(BUNDLE_EXECUTABLE_FOLDER_PATH)/Poetic";
			};
			name = Debug;
		};
		2A7FD5EF2A62710700E924EE /* Release */ = {
			isa = XCBuildConfiguration;
			buildSettings = {
				BUNDLE_LOADER = "$(TEST_HOST)";
				CLANG_CXX_LANGUAGE_STANDARD = "gnu++20";
				CODE_SIGN_STYLE = Automatic;
				CURRENT_PROJECT_VERSION = 1;
				DEVELOPMENT_TEAM = YT4PWFD9G5;
				GENERATE_INFOPLIST_FILE = YES;
				IPHONEOS_DEPLOYMENT_TARGET = 16.0;
				MARKETING_VERSION = 1.0;
				PRODUCT_BUNDLE_IDENTIFIER = Dean.Thompson.PoeticTests;
				PRODUCT_NAME = "$(TARGET_NAME)";
				SWIFT_EMIT_LOC_STRINGS = NO;
				SWIFT_VERSION = 5.0;
				TARGETED_DEVICE_FAMILY = "1,2";
				TEST_HOST = "$(BUILT_PRODUCTS_DIR)/Poetic.app/$(BUNDLE_EXECUTABLE_FOLDER_PATH)/Poetic";
			};
			name = Release;
		};
/* End XCBuildConfiguration section */

/* Begin XCConfigurationList section */
		2A17BA8A27D5D8E000E0D755 /* Build configuration list for PBXProject "Poetic" */ = {
			isa = XCConfigurationList;
			buildConfigurations = (
				2A17BA9B27D5D8E000E0D755 /* Debug */,
				2A17BA9C27D5D8E000E0D755 /* Release */,
			);
			defaultConfigurationIsVisible = 0;
			defaultConfigurationName = Release;
		};
		2A17BA9D27D5D8E000E0D755 /* Build configuration list for PBXNativeTarget "Poetic" */ = {
			isa = XCConfigurationList;
			buildConfigurations = (
				2A17BA9E27D5D8E000E0D755 /* Debug */,
				2A17BA9F27D5D8E000E0D755 /* Release */,
			);
			defaultConfigurationIsVisible = 0;
			defaultConfigurationName = Release;
		};
		2A7FD5ED2A62710700E924EE /* Build configuration list for PBXNativeTarget "PoeticTests" */ = {
			isa = XCConfigurationList;
			buildConfigurations = (
				2A7FD5EE2A62710700E924EE /* Debug */,
				2A7FD5EF2A62710700E924EE /* Release */,
			);
			defaultConfigurationIsVisible = 0;
			defaultConfigurationName = Release;
		};
/* End XCConfigurationList section */

/* Begin XCRemoteSwiftPackageReference section */
		2A1ABA4A28F3F61200D48AA1 /* XCRemoteSwiftPackageReference "Alamofire" */ = {
			isa = XCRemoteSwiftPackageReference;
			repositoryURL = "https://github.com/Alamofire/Alamofire";
			requirement = {
				kind = upToNextMajorVersion;
				minimumVersion = 5.0.0;
			};
		};
		2A1ABA4D28F3F6A300D48AA1 /* XCRemoteSwiftPackageReference "PKHUD" */ = {
			isa = XCRemoteSwiftPackageReference;
			repositoryURL = "https://github.com/pkluz/PKHUD";
			requirement = {
				kind = upToNextMajorVersion;
				minimumVersion = 5.0.0;
			};
		};
		2A8ADBD02A6C1970001630B1 /* XCRemoteSwiftPackageReference "CodableCSV" */ = {
			isa = XCRemoteSwiftPackageReference;
			repositoryURL = "https://github.com/dehesa/CodableCSV";
			requirement = {
				kind = upToNextMajorVersion;
				minimumVersion = 0.6.7;
			};
		};
/* End XCRemoteSwiftPackageReference section */

/* Begin XCSwiftPackageProductDependency section */
		2A1ABA4B28F3F61200D48AA1 /* Alamofire */ = {
			isa = XCSwiftPackageProductDependency;
			package = 2A1ABA4A28F3F61200D48AA1 /* XCRemoteSwiftPackageReference "Alamofire" */;
			productName = Alamofire;
		};
		2A1ABA4E28F3F6A300D48AA1 /* PKHUD */ = {
			isa = XCSwiftPackageProductDependency;
			package = 2A1ABA4D28F3F6A300D48AA1 /* XCRemoteSwiftPackageReference "PKHUD" */;
			productName = PKHUD;
		};
		2A8ADBD12A6C1970001630B1 /* CodableCSV */ = {
			isa = XCSwiftPackageProductDependency;
			package = 2A8ADBD02A6C1970001630B1 /* XCRemoteSwiftPackageReference "CodableCSV" */;
			productName = CodableCSV;
		};
/* End XCSwiftPackageProductDependency section */

/* Begin XCVersionGroup section */
		2A38CF7727DF74BB00A44268 /* Poetic.xcdatamodeld */ = {
			isa = XCVersionGroup;
			children = (
				2A38CF7827DF74BB00A44268 /* Poetic.xcdatamodel */,
			);
			currentVersion = 2A38CF7827DF74BB00A44268 /* Poetic.xcdatamodel */;
			path = Poetic.xcdatamodeld;
			sourceTree = "<group>";
			versionGroupType = wrapper.xcdatamodel;
		};
/* End XCVersionGroup section */
	};
	rootObject = 2A17BA8727D5D8E000E0D755 /* Project object */;
}
